
Microsoft Visual Studio Solution File, Format Version 12.00
# Visual Studio Version 16
VisualStudioVersion = 16.0.30804.86
MinimumVisualStudioVersion = 10.0.40219.1
Project("{8BC9CEB8-8B4A-11D0-8D11-00A0C91BC942}") = "OpenGLLearn", "OpenGLLearn\OpenGLLearn.vcxproj", "{9AC49108-9402-43B5-8EC2-FE25D78D18F0}"
EndProject
Global
	GlobalSection(SolutionConfigurationPlatforms) = preSolution
		Debug|x64 = Debug|x64
		Release|x64 = Release|x64
	EndGlobalSection
	GlobalSection(ProjectConfigurationPlatforms) = postSolution
		{9AC49108-9402-43B5-8EC2-FE25D78D18F0}.Debug|x64.ActiveCfg = Debug|x64
		{9AC49108-9402-43B5-8EC2-FE25D78D18F0}.Debug|x64.Build.0 = Debug|x64
		{9AC49108-9402-43B5-8EC2-FE25D78D18F0}.Release|x64.ActiveCfg = Release|x64
		{9AC49108-9402-43B5-8EC2-FE25D78D18F0}.Release|x64.Build.0 = Release|x64
	EndGlobalSection
	GlobalSection(SolutionProperties) = preSolution
		HideSolutionNode = FALSE
	EndGlobalSection
	GlobalSection(ExtensibilityGlobals) = postSolution
		SolutionGuid = {D20C1028-15E1-4170-AC0C-717407B08B4F}
	EndGlobalSection
EndGlobal
